# This file is automatically @generated by Cargo.
# It is not intended for manual editing.
version = 3

[[package]]
name = "core_simd"
version = "0.1.0"
source = "git+https://github.com/rust-lang/portable-simd#a8385522ade6f67853edac730b5bf164ddb298fd"

[[package]]
name = "proj"
version = "0.1.0"
dependencies = [
 "core_simd",
]
